
Microsoft Visual Studio Solution File, Format Version 12.00
# Visual Studio 14
VisualStudioVersion = 14.0.24720.0
MinimumVisualStudioVersion = 10.0.40219.1
Project("{FAE04EC0-301F-11D3-BF4B-00C04F79EFBC}") = "ClassBooking", "ClassBooking\ClassBooking.csproj", "{B13B37C8-0593-41F6-9E41-34E5A05D5BD8}"
EndProject
Project("{FAE04EC0-301F-11D3-BF4B-00C04F79EFBC}") = "_Dependencies", "_Dependencies\_Dependencies.csproj", "{475A1118-8B8A-4767-94FC-677960127123}"
EndProject
Global
	GlobalSection(SolutionConfigurationPlatforms) = preSolution
		Debug|Any CPU = Debug|Any CPU
		Release|Any CPU = Release|Any CPU
	EndGlobalSection
	GlobalSection(ProjectConfigurationPlatforms) = postSolution
		{B13B37C8-0593-41F6-9E41-34E5A05D5BD8}.Debug|Any CPU.ActiveCfg = Debug|Any CPU
		{B13B37C8-0593-41F6-9E41-34E5A05D5BD8}.Debug|Any CPU.Build.0 = Debug|Any CPU
		{B13B37C8-0593-41F6-9E41-34E5A05D5BD8}.Release|Any CPU.ActiveCfg = Release|Any CPU
		{B13B37C8-0593-41F6-9E41-34E5A05D5BD8}.Release|Any CPU.Build.0 = Release|Any CPU
		{475A1118-8B8A-4767-94FC-677960127123}.Debug|Any CPU.ActiveCfg = Debug|Any CPU
		{475A1118-8B8A-4767-94FC-677960127123}.Debug|Any CPU.Build.0 = Debug|Any CPU
		{475A1118-8B8A-4767-94FC-677960127123}.Release|Any CPU.ActiveCfg = Release|Any CPU
		{475A1118-8B8A-4767-94FC-677960127123}.Release|Any CPU.Build.0 = Release|Any CPU
	EndGlobalSection
	GlobalSection(SolutionProperties) = preSolution
		HideSolutionNode = FALSE
	EndGlobalSection
	GlobalSection(TeamFoundationVersionControl) = preSolution
		SccNumberOfProjects = 3
		SccEnterpriseProvider = {4CA58AB2-18FA-4F8D-95D4-32DDF27D184C}
		SccTeamFoundationServer = https://sorinagrave.visualstudio.com/defaultcollection
		SccLocalPath0 = .
		SccProjectUniqueName1 = _Dependencies\\_Dependencies.csproj
		SccProjectName1 = _Dependencies
		SccLocalPath1 = _Dependencies
		SccProjectUniqueName2 = ClassBooking\\ClassBooking.csproj
		SccProjectName2 = ClassBooking
		SccLocalPath2 = ClassBooking
	EndGlobalSection
EndGlobal
